
Microsoft Visual Studio Solution File, Format Version 12.00
# Visual Studio Version 16
VisualStudioVersion = 16.0.30114.105
MinimumVisualStudioVersion = 10.0.40219.1
Project("{FAE04EC0-301F-11D3-BF4B-00C04F79EFBC}") = "SignozPlayground.Api", "SignozPlayground.Api\SignozPlayground.Api.csproj", "{5C95E4E1-D509-49F6-BAE0-93AC96317AAD}"
EndProject
Global
	GlobalSection(SolutionConfigurationPlatforms) = preSolution
		Debug|Any CPU = Debug|Any CPU
		Release|Any CPU = Release|Any CPU
	EndGlobalSection
	GlobalSection(SolutionProperties) = preSolution
		HideSolutionNode = FALSE
	EndGlobalSection
	GlobalSection(ProjectConfigurationPlatforms) = postSolution
		{5C95E4E1-D509-49F6-BAE0-93AC96317AAD}.Debug|Any CPU.ActiveCfg = Debug|Any CPU
		{5C95E4E1-D509-49F6-BAE0-93AC96317AAD}.Debug|Any CPU.Build.0 = Debug|Any CPU
		{5C95E4E1-D509-49F6-BAE0-93AC96317AAD}.Release|Any CPU.ActiveCfg = Release|Any CPU
		{5C95E4E1-D509-49F6-BAE0-93AC96317AAD}.Release|Any CPU.Build.0 = Release|Any CPU
	EndGlobalSection
EndGlobal
